
Microsoft Visual Studio Solution File, Format Version 12.00
# Visual Studio Version 16
VisualStudioVersion = 16.0.29424.173
MinimumVisualStudioVersion = 10.0.40219.1
Project("{FAE04EC0-301F-11D3-BF4B-00C04F79EFBC}") = "Wizja", "Wizja\Wizja.csproj", "{B0664328-82AF-4CA8-B0C9-D7F621555DA3}"
EndProject
Global
	GlobalSection(SolutionConfigurationPlatforms) = preSolution
		Debug|Any CPU = Debug|Any CPU
		Release|Any CPU = Release|Any CPU
	EndGlobalSection
	GlobalSection(ProjectConfigurationPlatforms) = postSolution
		{B0664328-82AF-4CA8-B0C9-D7F621555DA3}.Debug|Any CPU.ActiveCfg = Debug|Any CPU
		{B0664328-82AF-4CA8-B0C9-D7F621555DA3}.Debug|Any CPU.Build.0 = Debug|Any CPU
		{B0664328-82AF-4CA8-B0C9-D7F621555DA3}.Release|Any CPU.ActiveCfg = Release|Any CPU
		{B0664328-82AF-4CA8-B0C9-D7F621555DA3}.Release|Any CPU.Build.0 = Release|Any CPU
		{4ADC7810-06B1-4B5C-AE83-F5D6CB419E89}.Debug|Any CPU.ActiveCfg = Debug|Any CPU
		{4ADC7810-06B1-4B5C-AE83-F5D6CB419E89}.Debug|Any CPU.Build.0 = Debug|Any CPU
		{4ADC7810-06B1-4B5C-AE83-F5D6CB419E89}.Release|Any CPU.ActiveCfg = Release|Any CPU
		{4ADC7810-06B1-4B5C-AE83-F5D6CB419E89}.Release|Any CPU.Build.0 = Release|Any CPU
	EndGlobalSection
	GlobalSection(SolutionProperties) = preSolution
		HideSolutionNode = FALSE
	EndGlobalSection
	GlobalSection(ExtensibilityGlobals) = postSolution
		SolutionGuid = {76A97253-EA3F-4B90-A60C-D97B53050DB4}
	EndGlobalSection
EndGlobal
